<?xml version="1.0" encoding="utf-8"?>
<Project ToolsVersion="4.0" xmlns="http://schemas.microsoft.com/developer/msbuild/2003">
  <ItemGroup>
    <Filter Include="Source Files">
      <UniqueIdentifier>{4FC737F1-C7A5-4376-A066-2A32D752A2FF}</UniqueIdentifier>
      <Extensions>cpp;c;cc;cxx;c++;cppm;ixx;def;odl;idl;hpj;bat;asm;asmx</Extensions>
    </Filter>
    <Filter Include="Source Files\serial">
      <UniqueIdentifier>{bc2f44f4-ada8-4736-ad01-48eb364cd69f}</UniqueIdentifier>
    </Filter>
    <Filter Include="_doc">
      <UniqueIdentifier>{85912093-03e1-4142-bd17-bf39782c8370}</UniqueIdentifier>
    </Filter>
    <Filter Include=".github">
      <UniqueIdentifier>{eafa47ba-20aa-474a-b423-208d23a780dd}</UniqueIdentifier>
    </Filter>
    <Filter Include=".github\workflows">
      <UniqueIdentifier>{d99e661f-143e-42d6-af96-5e888d7dc094}</UniqueIdentifier>
    </Filter>
  </ItemGroup>
  <ItemGroup>
    <ClCompile Include="test.cpp">
      <Filter>Source Files</Filter>
    </ClCompile>
  </ItemGroup>
  <ItemGroup>
    <ClInclude Include="util_sleep.h">
      <Filter>Source Files</Filter>
    </ClInclude>
    <ClInclude Include="serial\serial.h">
      <Filter>Source Files\serial</Filter>
    </ClInclude>
    <ClInclude Include="serial\serial_win32api.h">
      <Filter>Source Files\serial</Filter>
    </ClInclude>
  </ItemGroup>
  <ItemGroup>
    <None Include="README.md">
      <Filter>_doc</Filter>
    </None>
    <None Include=".github\workflows\serial_win32api.yml">
      <Filter>.github\workflows</Filter>
    </None>
  </ItemGroup>
</Project>